
Microsoft Visual Studio Solution File, Format Version 12.00
# Visual Studio Version 16
VisualStudioVersion = 16.0.29728.190
MinimumVisualStudioVersion = 10.0.40219.1
Project("{FAE04EC0-301F-11D3-BF4B-00C04F79EFBC}") = "WpfApp", "WpfApp\WpfApp.csproj", "{74792445-F224-4C75-B204-094FF689D950}"
EndProject
Project("{9A19103F-16F7-4668-BE54-9A1E7A4F7556}") = "NLog", "..\..\NLog\src\NLog\NLog.csproj", "{A0BFF0DB-ED9A-4639-AE86-8E709A1EFC66}"
EndProject
Project("{FAE04EC0-301F-11D3-BF4B-00C04F79EFBC}") = "Tests", "Tests\Tests.csproj", "{963A7522-EE3E-4487-BAF5-8600141A0350}"
EndProject
Global
	GlobalSection(SolutionConfigurationPlatforms) = preSolution
		Debug|Any CPU = Debug|Any CPU
		Release|Any CPU = Release|Any CPU
	EndGlobalSection
	GlobalSection(ProjectConfigurationPlatforms) = postSolution
		{74792445-F224-4C75-B204-094FF689D950}.Debug|Any CPU.ActiveCfg = Debug|Any CPU
		{74792445-F224-4C75-B204-094FF689D950}.Debug|Any CPU.Build.0 = Debug|Any CPU
		{74792445-F224-4C75-B204-094FF689D950}.Release|Any CPU.ActiveCfg = Release|Any CPU
		{74792445-F224-4C75-B204-094FF689D950}.Release|Any CPU.Build.0 = Release|Any CPU
		{A0BFF0DB-ED9A-4639-AE86-8E709A1EFC66}.Debug|Any CPU.ActiveCfg = Debug|Any CPU
		{A0BFF0DB-ED9A-4639-AE86-8E709A1EFC66}.Debug|Any CPU.Build.0 = Debug|Any CPU
		{A0BFF0DB-ED9A-4639-AE86-8E709A1EFC66}.Release|Any CPU.ActiveCfg = Release|Any CPU
		{A0BFF0DB-ED9A-4639-AE86-8E709A1EFC66}.Release|Any CPU.Build.0 = Release|Any CPU
		{963A7522-EE3E-4487-BAF5-8600141A0350}.Debug|Any CPU.ActiveCfg = Debug|Any CPU
		{963A7522-EE3E-4487-BAF5-8600141A0350}.Debug|Any CPU.Build.0 = Debug|Any CPU
		{963A7522-EE3E-4487-BAF5-8600141A0350}.Release|Any CPU.ActiveCfg = Release|Any CPU
		{963A7522-EE3E-4487-BAF5-8600141A0350}.Release|Any CPU.Build.0 = Release|Any CPU
	EndGlobalSection
	GlobalSection(SolutionProperties) = preSolution
		HideSolutionNode = FALSE
	EndGlobalSection
	GlobalSection(ExtensibilityGlobals) = postSolution
		SolutionGuid = {981B06F3-7E91-4324-8944-0AA4794AB2EE}
	EndGlobalSection
EndGlobal
